
Microsoft Visual Studio Solution File, Format Version 12.00
# Visual Studio Version 17
VisualStudioVersion = 17.4.33205.214
MinimumVisualStudioVersion = 10.0.40219.1
Project("{FAE04EC0-301F-11D3-BF4B-00C04F79EFBC}") = "state1", "state1\state1.csproj", "{DDD4E453-6ABC-4A63-ABA0-B3924AB8F051}"
EndProject
Global
	GlobalSection(SolutionConfigurationPlatforms) = preSolution
		Debug|Any CPU = Debug|Any CPU
		Release|Any CPU = Release|Any CPU
	EndGlobalSection
	GlobalSection(ProjectConfigurationPlatforms) = postSolution
		{DDD4E453-6ABC-4A63-ABA0-B3924AB8F051}.Debug|Any CPU.ActiveCfg = Debug|Any CPU
		{DDD4E453-6ABC-4A63-ABA0-B3924AB8F051}.Debug|Any CPU.Build.0 = Debug|Any CPU
		{DDD4E453-6ABC-4A63-ABA0-B3924AB8F051}.Release|Any CPU.ActiveCfg = Release|Any CPU
		{DDD4E453-6ABC-4A63-ABA0-B3924AB8F051}.Release|Any CPU.Build.0 = Release|Any CPU
	EndGlobalSection
	GlobalSection(SolutionProperties) = preSolution
		HideSolutionNode = FALSE
	EndGlobalSection
	GlobalSection(ExtensibilityGlobals) = postSolution
		SolutionGuid = {3681EA1C-E9AD-497A-9DFE-826406372050}
	EndGlobalSection
EndGlobal
